<?xml version="1.0" encoding="utf-8"?>
<Project ToolsVersion="4.0" xmlns="http://schemas.microsoft.com/developer/msbuild/2003">
  <ItemGroup>
    <Filter Include="Quelldateien">
      <UniqueIdentifier>{4FC737F1-C7A5-4376-A066-2A32D752A2FF}</UniqueIdentifier>
      <Extensions>cpp;c;cc;cxx;def;odl;idl;hpj;bat;asm;asmx</Extensions>
    </Filter>
    <Filter Include="Headerdateien">
      <UniqueIdentifier>{93995380-89BD-4b04-88EB-625FBE52EBFB}</UniqueIdentifier>
      <Extensions>h;hpp;hxx;hm;inl;inc;xsd</Extensions>
    </Filter>
    <Filter Include="Ressourcendateien">
      <UniqueIdentifier>{67DA6AB6-F800-4c08-8B7A-83BB121AAD01}</UniqueIdentifier>
      <Extensions>rc;ico;cur;bmp;dlg;rc2;rct;bin;rgs;gif;jpg;jpeg;jpe;resx;tiff;tif;png;wav;mfcribbon-ms</Extensions>
    </Filter>
  </ItemGroup>
  <ItemGroup>
    <None Include="ReadMe.txt" />
  </ItemGroup>
  <ItemGroup>
    <ClCompile Include="emu\cores\sn76489.c">
      <Filter>Quelldateien</Filter>
    </ClCompile>
    <ClCompile Include="emu\cores\sn76496.c">
      <Filter>Quelldateien</Filter>
    </ClCompile>
    <ClCompile Include="emu\cores\sn764intf.c">
      <Filter>Quelldateien</Filter>
    </ClCompile>
    <ClCompile Include="emu\SoundEmu.c">
      <Filter>Quelldateien</Filter>
    </ClCompile>
    <ClCompile Include="emu\panning.c">
      <Filter>Quelldateien</Filter>
    </ClCompile>
    <ClCompile Include="emu\cores\okim6295.c">
      <Filter>Quelldateien</Filter>
    </ClCompile>
    <ClCompile Include="emu\Resampler.c">
      <Filter>Quelldateien</Filter>
    </ClCompile>
    <ClCompile Include="emu\cores\2413intf.c">
      <Filter>Quelldateien</Filter>
    </ClCompile>
    <ClCompile Include="emu\cores\emu2413.c">
      <Filter>Quelldateien</Filter>
    </ClCompile>
    <ClCompile Include="emu\cores\ym2413.c">
      <Filter>Quelldateien</Filter>
    </ClCompile>
    <ClCompile Include="emu\cores\2612intf.c">
      <Filter>Quelldateien</Filter>
    </ClCompile>
    <ClCompile Include="emu\cores\ym2612.c">
      <Filter>Quelldateien</Filter>
    </ClCompile>
    <ClCompile Include="emu\cores\ym2151.c">
      <Filter>Quelldateien</Filter>
    </ClCompile>
    <ClCompile Include="emu\cores\segapcm.c">
      <Filter>Quelldateien</Filter>
    </ClCompile>
    <ClCompile Include="emu\cores\rf5c68.c">
      <Filter>Quelldateien</Filter>
    </ClCompile>
    <ClCompile Include="emu\cores\rf5cintf.c">
      <Filter>Quelldateien</Filter>
    </ClCompile>
    <ClCompile Include="emu\cores\scd_pcm.c">
      <Filter>Quelldateien</Filter>
    </ClCompile>
    <ClCompile Include="emu\cores\fmopn.c">
      <Filter>Quelldateien</Filter>
    </ClCompile>
    <ClCompile Include="emu\cores\opnintf.c">
      <Filter>Quelldateien</Filter>
    </ClCompile>
    <ClCompile Include="emu\cores\ymdeltat.c">
      <Filter>Quelldateien</Filter>
    </ClCompile>
    <ClCompile Include="emu\cores\fmopl.c">
      <Filter>Quelldateien</Filter>
    </ClCompile>
    <ClCompile Include="emu\cores\adlibemu_opl2.c">
      <Filter>Quelldateien</Filter>
    </ClCompile>
    <ClCompile Include="emu\cores\adlibemu_opl3.c">
      <Filter>Quelldateien</Filter>
    </ClCompile>
    <ClCompile Include="emu\cores\adlibemu_opl_inc.c">
      <Filter>Quelldateien</Filter>
    </ClCompile>
    <ClCompile Include="emu\cores\oplintf.c">
      <Filter>Quelldateien</Filter>
    </ClCompile>
    <ClCompile Include="emu\cores\262intf.c">
      <Filter>Quelldateien</Filter>
    </ClCompile>
    <ClCompile Include="emu\cores\ymf262.c">
      <Filter>Quelldateien</Filter>
    </ClCompile>
    <ClCompile Include="emu\cores\ymz280b.c">
      <Filter>Quelldateien</Filter>
    </ClCompile>
    <ClCompile Include="emu\cores\ymf278b.c">
      <Filter>Quelldateien</Filter>
    </ClCompile>
    <ClCompile Include="emu\cores\ymf271.c">
      <Filter>Quelldateien</Filter>
    </ClCompile>
    <ClCompile Include="emu\cores\ay8910.c">
      <Filter>Quelldateien</Filter>
    </ClCompile>
    <ClCompile Include="emu\cores\ayintf.c">
      <Filter>Quelldateien</Filter>
    </ClCompile>
    <ClCompile Include="emu\cores\emu2149.c">
      <Filter>Quelldateien</Filter>
    </ClCompile>
    <ClCompile Include="emu\cores\pwm.c">
      <Filter>Quelldateien</Filter>
    </ClCompile>
    <ClCompile Include="emu\cores\nes_apu.c">
      <Filter>Quelldateien</Filter>
    </ClCompile>
    <ClCompile Include="emu\cores\nesintf.c">
      <Filter>Quelldateien</Filter>
    </ClCompile>
    <ClCompile Include="emu\cores\np_nes_apu.c">
      <Filter>Quelldateien</Filter>
    </ClCompile>
    <ClCompile Include="emu\cores\np_nes_dmc.c">
      <Filter>Quelldateien</Filter>
    </ClCompile>
    <ClCompile Include="emu\cores\np_nes_fds.c">
      <Filter>Quelldateien</Filter>
    </ClCompile>
    <ClCompile Include="emu\cores\gb.c">
      <Filter>Quelldateien</Filter>
    </ClCompile>
    <ClCompile Include="emu\cores\multipcm.c">
      <Filter>Quelldateien</Filter>
    </ClCompile>
    <ClCompile Include="emu\cores\okim6258.c">
      <Filter>Quelldateien</Filter>
    </ClCompile>
    <ClCompile Include="emu\cores\upd7759.c">
      <Filter>Quelldateien</Filter>
    </ClCompile>
    <ClCompile Include="emu\cores\k051649.c">
      <Filter>Quelldateien</Filter>
    </ClCompile>
    <ClCompile Include="emu\cores\k054539.c">
      <Filter>Quelldateien</Filter>
    </ClCompile>
    <ClCompile Include="emu\cores\k053260.c">
      <Filter>Quelldateien</Filter>
    </ClCompile>
    <ClCompile Include="emu\cores\c140.c">
      <Filter>Quelldateien</Filter>
    </ClCompile>
    <ClCompile Include="emu\cores\c219.c">
      <Filter>Quelldateien</Filter>
    </ClCompile>
    <ClCompile Include="emu\cores\c352.c">
      <Filter>Quelldateien</Filter>
    </ClCompile>
    <ClCompile Include="emu\cores\c6280_mame.c">
      <Filter>Quelldateien</Filter>
    </ClCompile>
    <ClCompile Include="emu\cores\Ootake_PSG.c">
      <Filter>Quelldateien</Filter>
    </ClCompile>
    <ClCompile Include="emu\cores\c6280intf.c">
      <Filter>Quelldateien</Filter>
    </ClCompile>
    <ClCompile Include="emu\cores\pokey.c">
      <Filter>Quelldateien</Filter>
    </ClCompile>
    <ClCompile Include="emu\cores\vsu.c">
      <Filter>Quelldateien</Filter>
    </ClCompile>
    <ClCompile Include="emu\cores\ws_audio.c">
      <Filter>Quelldateien</Filter>
    </ClCompile>
    <ClCompile Include="emu\cores\es5503.c">
      <Filter>Quelldateien</Filter>
    </ClCompile>
    <ClCompile Include="emu\cores\x1_010.c">
      <Filter>Quelldateien</Filter>
    </ClCompile>
    <ClCompile Include="emu\cores\iremga20.c">
      <Filter>Quelldateien</Filter>
    </ClCompile>
    <ClCompile Include="emu\cores\scsp.c">
      <Filter>Quelldateien</Filter>
    </ClCompile>
    <ClCompile Include="emu\cores\scspdsp.c">
      <Filter>Quelldateien</Filter>
    </ClCompile>
    <ClCompile Include="emu\cores\scsplfo.c">
      <Filter>Quelldateien</Filter>
    </ClCompile>
    <ClCompile Include="emu\cores\es5506.c">
      <Filter>Quelldateien</Filter>
    </ClCompile>
    <ClCompile Include="emu\cores\nukedopl3.c">
      <Filter>Quelldateien</Filter>
    </ClCompile>
    <ClCompile Include="emu\cores\okiadpcm.c">
      <Filter>Quelldateien</Filter>
    </ClCompile>
    <ClCompile Include="emu\dac_control.c">
      <Filter>Quelldateien</Filter>
    </ClCompile>
    <ClCompile Include="emu\cores\saa1099_mame.c">
      <Filter>Quelldateien</Filter>
    </ClCompile>
    <ClCompile Include="emu\cores\saaintf.c">
      <Filter>Quelldateien</Filter>
    </ClCompile>
    <ClCompile Include="emu\cores\ym3438.c">
      <Filter>Quelldateien</Filter>
    </ClCompile>
    <ClCompile Include="emu\cores\saa1099_vb.c">
      <Filter>Quelldateien</Filter>
    </ClCompile>
    <ClCompile Include="emu\cores\qsoundintf.c">
      <Filter>Quelldateien</Filter>
    </ClCompile>
    <ClCompile Include="emu\cores\qsound_mame.c">
      <Filter>Quelldateien</Filter>
    </ClCompile>
    <ClCompile Include="emu\cores\qsound_ctr.c">
      <Filter>Quelldateien</Filter>
    </ClCompile>
    <ClCompile Include="emu\cores\nukedopll.c">
      <Filter>Quelldateien</Filter>
    </ClCompile>
    <ClCompile Include="emu\cores\nukedopm.c">
      <Filter>Quelldateien</Filter>
    </ClCompile>
    <ClCompile Include="emu\cores\2151intf.c">
      <Filter>Quelldateien</Filter>
    </ClCompile>
    <ClCompile Include="emu\logging.c">
      <Filter>Quelldateien</Filter>
    </ClCompile>
    <ClCompile Include="emu\cores\mikey.c">
      <Filter>Quelldateien</Filter>
    </ClCompile>
  </ItemGroup>
  <ItemGroup>
    <ClInclude Include="emu\EmuStructs.h">
      <Filter>Headerdateien</Filter>
    </ClInclude>
    <ClInclude Include="emu\cores\sn76489.h">
      <Filter>Headerdateien</Filter>
    </ClInclude>
    <ClInclude Include="emu\cores\sn76496.h">
      <Filter>Headerdateien</Filter>
    </ClInclude>
    <ClInclude Include="emu\cores\sn764intf.h">
      <Filter>Headerdateien</Filter>
    </ClInclude>
    <ClInclude Include="emu\SoundEmu.h">
      <Filter>Headerdateien</Filter>
    </ClInclude>
    <ClInclude Include="emu\panning.h">
      <Filter>Headerdateien</Filter>
    </ClInclude>
    <ClInclude Include="emu\snddef.h">
      <Filter>Headerdateien</Filter>
    </ClInclude>
    <ClInclude Include="emu\cores\okim6295.h">
      <Filter>Headerdateien</Filter>
    </ClInclude>
    <ClInclude Include="emu\SoundDevs.h">
      <Filter>Headerdateien</Filter>
    </ClInclude>
    <ClInclude Include="emu\EmuCores.h">
      <Filter>Headerdateien</Filter>
    </ClInclude>
    <ClInclude Include="emu\Resampler.h">
      <Filter>Headerdateien</Filter>
    </ClInclude>
    <ClInclude Include="emu\cores\2413intf.h">
      <Filter>Headerdateien</Filter>
    </ClInclude>
    <ClInclude Include="emu\cores\emu2413.h">
      <Filter>Headerdateien</Filter>
    </ClInclude>
    <ClInclude Include="emu\cores\emutypes.h">
      <Filter>Headerdateien</Filter>
    </ClInclude>
    <ClInclude Include="emu\cores\opll_2413tone.h">
      <Filter>Headerdateien</Filter>
    </ClInclude>
    <ClInclude Include="emu\cores\opll_281btone.h">
      <Filter>Headerdateien</Filter>
    </ClInclude>
    <ClInclude Include="emu\cores\opll_vrc7tone.h">
      <Filter>Headerdateien</Filter>
    </ClInclude>
    <ClInclude Include="emu\cores\ym2413.h">
      <Filter>Headerdateien</Filter>
    </ClInclude>
    <ClInclude Include="emu\cores\2612intf.h">
      <Filter>Headerdateien</Filter>
    </ClInclude>
    <ClInclude Include="emu\cores\fmopn.h">
      <Filter>Headerdateien</Filter>
    </ClInclude>
    <ClInclude Include="emu\cores\ym2612_int.h">
      <Filter>Headerdateien</Filter>
    </ClInclude>
    <ClInclude Include="emu\cores\ym2612.h">
      <Filter>Headerdateien</Filter>
    </ClInclude>
    <ClInclude Include="emu\cores\ym2151.h">
      <Filter>Headerdateien</Filter>
    </ClInclude>
    <ClInclude Include="emu\cores\segapcm.h">
      <Filter>Headerdateien</Filter>
    </ClInclude>
    <ClInclude Include="emu\cores\rf5c68.h">
      <Filter>Headerdateien</Filter>
    </ClInclude>
    <ClInclude Include="emu\cores\rf5cintf.h">
      <Filter>Headerdateien</Filter>
    </ClInclude>
    <ClInclude Include="emu\cores\scd_pcm.h">
      <Filter>Headerdateien</Filter>
    </ClInclude>
    <ClInclude Include="emu\cores\opnintf.h">
      <Filter>Headerdateien</Filter>
    </ClInclude>
    <ClInclude Include="emu\cores\ymdeltat.h">
      <Filter>Headerdateien</Filter>
    </ClInclude>
    <ClInclude Include="emu\cores\fmopl.h">
      <Filter>Headerdateien</Filter>
    </ClInclude>
    <ClInclude Include="emu\cores\adlibemu.h">
      <Filter>Headerdateien</Filter>
    </ClInclude>
    <ClInclude Include="emu\cores\adlibemu_opl_inc.h">
      <Filter>Headerdateien</Filter>
    </ClInclude>
    <ClInclude Include="emu\cores\oplintf.h">
      <Filter>Headerdateien</Filter>
    </ClInclude>
    <ClInclude Include="emu\cores\262intf.h">
      <Filter>Headerdateien</Filter>
    </ClInclude>
    <ClInclude Include="emu\cores\ymf262.h">
      <Filter>Headerdateien</Filter>
    </ClInclude>
    <ClInclude Include="emu\cores\ymz280b.h">
      <Filter>Headerdateien</Filter>
    </ClInclude>
    <ClInclude Include="emu\cores\ymf278b.h">
      <Filter>Headerdateien</Filter>
    </ClInclude>
    <ClInclude Include="emu\cores\ymf271.h">
      <Filter>Headerdateien</Filter>
    </ClInclude>
    <ClInclude Include="emu\cores\ay8910.h">
      <Filter>Headerdateien</Filter>
    </ClInclude>
    <ClInclude Include="emu\cores\ayintf.h">
      <Filter>Headerdateien</Filter>
    </ClInclude>
    <ClInclude Include="emu\cores\emu2149.h">
      <Filter>Headerdateien</Filter>
    </ClInclude>
    <ClInclude Include="emu\EmuHelper.h">
      <Filter>Headerdateien</Filter>
    </ClInclude>
    <ClInclude Include="emu\cores\pwm.h">
      <Filter>Headerdateien</Filter>
    </ClInclude>
    <ClInclude Include="emu\cores\nes_apu.h">
      <Filter>Headerdateien</Filter>
    </ClInclude>
    <ClInclude Include="emu\cores\nes_defs.h">
      <Filter>Headerdateien</Filter>
    </ClInclude>
    <ClInclude Include="emu\cores\nesintf.h">
      <Filter>Headerdateien</Filter>
    </ClInclude>
    <ClInclude Include="emu\cores\np_nes_apu.h">
      <Filter>Headerdateien</Filter>
    </ClInclude>
    <ClInclude Include="emu\cores\np_nes_dmc.h">
      <Filter>Headerdateien</Filter>
    </ClInclude>
    <ClInclude Include="emu\cores\np_nes_fds.h">
      <Filter>Headerdateien</Filter>
    </ClInclude>
    <ClInclude Include="emu\cores\gb.h">
      <Filter>Headerdateien</Filter>
    </ClInclude>
    <ClInclude Include="emu\cores\multipcm.h">
      <Filter>Headerdateien</Filter>
    </ClInclude>
    <ClInclude Include="emu\cores\okim6258.h">
      <Filter>Headerdateien</Filter>
    </ClInclude>
    <ClInclude Include="emu\cores\upd7759.h">
      <Filter>Headerdateien</Filter>
    </ClInclude>
    <ClInclude Include="emu\cores\k051649.h">
      <Filter>Headerdateien</Filter>
    </ClInclude>
    <ClInclude Include="emu\cores\k054539.h">
      <Filter>Headerdateien</Filter>
    </ClInclude>
    <ClInclude Include="emu\cores\k053260.h">
      <Filter>Headerdateien</Filter>
    </ClInclude>
    <ClInclude Include="emu\cores\c140.h">
      <Filter>Headerdateien</Filter>
    </ClInclude>
    <ClInclude Include="emu\cores\c219.h">
      <Filter>Headerdateien</Filter>
    </ClInclude>
    <ClInclude Include="emu\cores\c352.h">
      <Filter>Headerdateien</Filter>
    </ClInclude>
    <ClInclude Include="emu\cores\c6280_mame.h">
      <Filter>Headerdateien</Filter>
    </ClInclude>
    <ClInclude Include="emu\cores\Ootake_PSG.h">
      <Filter>Headerdateien</Filter>
    </ClInclude>
    <ClInclude Include="emu\cores\c6280intf.h">
      <Filter>Headerdateien</Filter>
    </ClInclude>
    <ClInclude Include="emu\cores\pokey.h">
      <Filter>Headerdateien</Filter>
    </ClInclude>
    <ClInclude Include="emu\cores\vsu.h">
      <Filter>Headerdateien</Filter>
    </ClInclude>
    <ClInclude Include="emu\cores\ws_audio.h">
      <Filter>Headerdateien</Filter>
    </ClInclude>
    <ClInclude Include="emu\cores\ws_initialIo.h">
      <Filter>Headerdateien</Filter>
    </ClInclude>
    <ClInclude Include="emu\cores\es5503.h">
      <Filter>Headerdateien</Filter>
    </ClInclude>
    <ClInclude Include="emu\cores\x1_010.h">
      <Filter>Headerdateien</Filter>
    </ClInclude>
    <ClInclude Include="emu\cores\iremga20.h">
      <Filter>Headerdateien</Filter>
    </ClInclude>
    <ClInclude Include="emu\cores\scsp.h">
      <Filter>Headerdateien</Filter>
    </ClInclude>
    <ClInclude Include="emu\cores\scspdsp.h">
      <Filter>Headerdateien</Filter>
    </ClInclude>
    <ClInclude Include="emu\cores\es5506.h">
      <Filter>Headerdateien</Filter>
    </ClInclude>
    <ClInclude Include="emu\cores\okiadpcm.h">
      <Filter>Headerdateien</Filter>
    </ClInclude>
    <ClInclude Include="emu\RatioCntr.h">
      <Filter>Headerdateien</Filter>
    </ClInclude>
    <ClInclude Include="emu\cores\saa1099_mame.h">
      <Filter>Headerdateien</Filter>
    </ClInclude>
    <ClInclude Include="emu\cores\saaintf.h">
      <Filter>Headerdateien</Filter>
    </ClInclude>
    <ClInclude Include="emu\cores\nukedopl3.h">
      <Filter>Headerdateien</Filter>
    </ClInclude>
    <ClInclude Include="emu\cores\ym3438.h">
      <Filter>Headerdateien</Filter>
    </ClInclude>
    <ClInclude Include="emu\cores\saa1099_vb.h">
      <Filter>Headerdateien</Filter>
    </ClInclude>
    <ClInclude Include="emu\cores\qsoundintf.h">
      <Filter>Quelldateien</Filter>
    </ClInclude>
    <ClInclude Include="emu\cores\qsound_mame.h">
      <Filter>Headerdateien</Filter>
    </ClInclude>
    <ClInclude Include="emu\cores\qsound_ctr.h">
      <Filter>Headerdateien</Filter>
    </ClInclude>
    <ClInclude Include="emu\cores\Ootake_PSG_private.h">
      <Filter>Headerdateien</Filter>
    </ClInclude>
    <ClInclude Include="emu\cores\emu2413_private.h">
      <Filter>Headerdateien</Filter>
    </ClInclude>
    <ClInclude Include="emu\cores\emu2149_private.h">
      <Filter>Headerdateien</Filter>
    </ClInclude>
    <ClInclude Include="emu\cores\sn76489_private.h">
      <Filter>Headerdateien</Filter>
    </ClInclude>
    <ClInclude Include="emu\cores\nukedopl3_int.h">
      <Filter>Headerdateien</Filter>
    </ClInclude>
    <ClInclude Include="emu\cores\ym3438_int.h">
      <Filter>Headerdateien</Filter>
    </ClInclude>
    <ClInclude Include="emu\cores\nukedopll.h">
      <Filter>Headerdateien</Filter>
    </ClInclude>
    <ClInclude Include="emu\cores\nukedopll_int.h">
      <Filter>Headerdateien</Filter>
    </ClInclude>
    <ClInclude Include="emu\cores\nukedopm_int.h">
      <Filter>Headerdateien</Filter>
    </ClInclude>
    <ClInclude Include="emu\cores\nukedopm.h">
      <Filter>Headerdateien</Filter>
    </ClInclude>
    <ClInclude Include="emu\cores\2151intf.h">
      <Filter>Headerdateien</Filter>
    </ClInclude>
    <ClInclude Include="emu\logging.h">
      <Filter>Headerdateien</Filter>
    </ClInclude>
    <ClInclude Include="emu\cores\mikey.h">
      <Filter>Headerdateien</Filter>
    </ClInclude>
  </ItemGroup>
</Project>