<?xml version="1.0" encoding="utf-8"?>
<Project ToolsVersion="4.0" xmlns="http://schemas.microsoft.com/developer/msbuild/2003">
  <ItemGroup>
    <Filter Include="Quelldateien">
      <UniqueIdentifier>{4FC737F1-C7A5-4376-A066-2A32D752A2FF}</UniqueIdentifier>
      <Extensions>cpp;c;cc;cxx;def;odl;idl;hpj;bat;asm;asmx</Extensions>
    </Filter>
    <Filter Include="Headerdateien">
      <UniqueIdentifier>{93995380-89BD-4b04-88EB-625FBE52EBFB}</UniqueIdentifier>
      <Extensions>h;hpp;hxx;hm;inl;inc;xsd</Extensions>
    </Filter>
    <Filter Include="Ressourcendateien">
      <UniqueIdentifier>{67DA6AB6-F800-4c08-8B7A-83BB121AAD01}</UniqueIdentifier>
      <Extensions>rc;ico;cur;bmp;dlg;rc2;rct;bin;rgs;gif;jpg;jpeg;jpe;resx;tiff;tif;png;wav;mfcribbon-ms</Extensions>
    </Filter>
  </ItemGroup>
  <ItemGroup>
    <ClInclude Include="common_def.h">
      <Filter>Headerdateien</Filter>
    </ClInclude>
    <ClInclude Include="stdbool.h">
      <Filter>Headerdateien</Filter>
    </ClInclude>
    <ClInclude Include="stdtype.h">
      <Filter>Headerdateien</Filter>
    </ClInclude>
    <ClInclude Include="player\droplayer.hpp">
      <Filter>Headerdateien</Filter>
    </ClInclude>
    <ClInclude Include="player\helper.h">
      <Filter>Headerdateien</Filter>
    </ClInclude>
    <ClInclude Include="player\playerbase.hpp">
      <Filter>Headerdateien</Filter>
    </ClInclude>
    <ClInclude Include="player\s98player.hpp">
      <Filter>Headerdateien</Filter>
    </ClInclude>
    <ClInclude Include="player\vgmplayer.hpp">
      <Filter>Headerdateien</Filter>
    </ClInclude>
    <ClInclude Include="utils\DataLoader.h">
      <Filter>Headerdateien</Filter>
    </ClInclude>
    <ClInclude Include="utils\FileLoader.h">
      <Filter>Headerdateien</Filter>
    </ClInclude>
    <ClInclude Include="utils\MemoryLoader.h">
      <Filter>Headerdateien</Filter>
    </ClInclude>
    <ClInclude Include="utils\StrUtils.h">
      <Filter>Headerdateien</Filter>
    </ClInclude>
    <ClInclude Include="player\playera.hpp">
      <Filter>Headerdateien</Filter>
    </ClInclude>
    <ClInclude Include="player\gymplayer.hpp">
      <Filter>Headerdateien</Filter>
    </ClInclude>
  </ItemGroup>
  <ItemGroup>
    <ClCompile Include="emutest.c">
      <Filter>Quelldateien</Filter>
    </ClCompile>
    <ClCompile Include="audiotest.c">
      <Filter>Quelldateien</Filter>
    </ClCompile>
    <ClCompile Include="audemutest.c">
      <Filter>Quelldateien</Filter>
    </ClCompile>
    <ClCompile Include="vgmtest.c">
      <Filter>Quelldateien</Filter>
    </ClCompile>
    <ClCompile Include="player\dblk_compr.c">
      <Filter>Quelldateien</Filter>
    </ClCompile>
    <ClCompile Include="vgm_dbcompr_bench.c">
      <Filter>Quelldateien</Filter>
    </ClCompile>
    <ClCompile Include="player\droplayer.cpp">
      <Filter>Quelldateien</Filter>
    </ClCompile>
    <ClCompile Include="player\helper.c">
      <Filter>Quelldateien</Filter>
    </ClCompile>
    <ClCompile Include="player\playerbase.cpp">
      <Filter>Quelldateien</Filter>
    </ClCompile>
    <ClCompile Include="player\s98player.cpp">
      <Filter>Quelldateien</Filter>
    </ClCompile>
    <ClCompile Include="player.cpp">
      <Filter>Quelldateien</Filter>
    </ClCompile>
    <ClCompile Include="player\vgmplayer.cpp">
      <Filter>Quelldateien</Filter>
    </ClCompile>
    <ClCompile Include="player\vgmplayer_cmdhandler.cpp">
      <Filter>Quelldateien</Filter>
    </ClCompile>
    <ClCompile Include="utils\DataLoader.c">
      <Filter>Quelldateien</Filter>
    </ClCompile>
    <ClCompile Include="utils\FileLoader.c">
      <Filter>Quelldateien</Filter>
    </ClCompile>
    <ClCompile Include="utils\MemoryLoader.c">
      <Filter>Quelldateien</Filter>
    </ClCompile>
    <ClCompile Include="utils\StrUtils-CPConv_Win.c">
      <Filter>Quelldateien</Filter>
    </ClCompile>
    <ClCompile Include="player\playera.cpp">
      <Filter>Quelldateien</Filter>
    </ClCompile>
    <ClCompile Include="player\gymplayer.cpp">
      <Filter>Quelldateien</Filter>
    </ClCompile>
  </ItemGroup>
</Project>